
Microsoft Visual Studio Solution File, Format Version 12.00
# Visual Studio Version 17
VisualStudioVersion = 17.4.33205.214
MinimumVisualStudioVersion = 10.0.40219.1
Project("{9A19103F-16F7-4668-BE54-9A1E7A4F7556}") = "AudioCore", "AudioCore.csproj", "{595ABC4B-CAD8-4DFA-8A72-0DAE056EF193}"
EndProject
Project("{2150E333-8FDC-42A3-9474-1A3956D46DE8}") = "Solution Items", "Solution Items", "{A6E6AF71-671D-474D-A264-2DABB4C79274}"
	ProjectSection(SolutionItems) = preProject
		.editorconfig = .editorconfig
	EndProjectSection
EndProject
Global
	GlobalSection(SolutionConfigurationPlatforms) = preSolution
		Debug|Any CPU = Debug|Any CPU
		Release|Any CPU = Release|Any CPU
	EndGlobalSection
	GlobalSection(ProjectConfigurationPlatforms) = postSolution
		{595ABC4B-CAD8-4DFA-8A72-0DAE056EF193}.Debug|Any CPU.ActiveCfg = Release|Any CPU
		{595ABC4B-CAD8-4DFA-8A72-0DAE056EF193}.Debug|Any CPU.Build.0 = Release|Any CPU
		{595ABC4B-CAD8-4DFA-8A72-0DAE056EF193}.Release|Any CPU.ActiveCfg = Release|Any CPU
		{595ABC4B-CAD8-4DFA-8A72-0DAE056EF193}.Release|Any CPU.Build.0 = Release|Any CPU
	EndGlobalSection
	GlobalSection(SolutionProperties) = preSolution
		HideSolutionNode = FALSE
	EndGlobalSection
	GlobalSection(ExtensibilityGlobals) = postSolution
		SolutionGuid = {AC532BEA-FEFD-4E3E-B2B7-4DDB6CE3932F}
	EndGlobalSection
EndGlobal
